
Microsoft Visual Studio Solution File, Format Version 12.00
# Visual Studio Version 16
VisualStudioVersion = 16.0.29102.190
MinimumVisualStudioVersion = 10.0.40219.1
Project("{8BC9CEB8-8B4A-11D0-8D11-00A0C91BC942}") = "ConsoleApplication1", "ConsoleApplication1\ConsoleApplication1.vcxproj", "{93774C2C-D18D-4594-8D9F-09142724FF0E}"
EndProject
Project("{8BC9CEB8-8B4A-11D0-8D11-00A0C91BC942}") = "ConsoleApplication2", "ConsoleApplication2\ConsoleApplication2.vcxproj", "{2734CF3C-6F28-42BA-8DBD-A03D789FF565}"
EndProject
Project("{8BC9CEB8-8B4A-11D0-8D11-00A0C91BC942}") = "ConsoleApplication3", "ConsoleApplication3\ConsoleApplication3.vcxproj", "{451DC1C8-6864-4B79-A62E-E0C7E6BD6C3E}"
EndProject
Project("{8BC9CEB8-8B4A-11D0-8D11-00A0C91BC942}") = "ConsoleApplication4", "ConsoleApplication4\ConsoleApplication4.vcxproj", "{52A98359-D7C3-4323-ABCF-02CD7850BCDB}"
EndProject
Project("{8BC9CEB8-8B4A-11D0-8D11-00A0C91BC942}") = "ConsoleApplication5", "ConsoleApplication5\ConsoleApplication5.vcxproj", "{4871A600-E14E-4F40-9AC5-55D2024097C9}"
EndProject
Project("{8BC9CEB8-8B4A-11D0-8D11-00A0C91BC942}") = "ConsoleApplication6", "ConsoleApplication6\ConsoleApplication6.vcxproj", "{F1A48DE0-03F5-4534-9B0F-1E3D896ADB6C}"
EndProject
Project("{8BC9CEB8-8B4A-11D0-8D11-00A0C91BC942}") = "ConsoleApplication7", "ConsoleApplication7\ConsoleApplication7.vcxproj", "{421E67AD-7E87-4B64-A1A1-3DC33DBF3D7C}"
EndProject
Project("{8BC9CEB8-8B4A-11D0-8D11-00A0C91BC942}") = "ConsoleApplication8", "ConsoleApplication8\ConsoleApplication8.vcxproj", "{E040ADB7-6774-4E3A-AFC7-BAA31137A026}"
EndProject
Project("{8BC9CEB8-8B4A-11D0-8D11-00A0C91BC942}") = "ConsoleApplication9", "ConsoleApplication9\ConsoleApplication9.vcxproj", "{008EE075-FA2F-4A1C-87C8-670EB20D442E}"
EndProject
Project("{8BC9CEB8-8B4A-11D0-8D11-00A0C91BC942}") = "ConsoleApplication11", "ConsoleApplication11\ConsoleApplication11.vcxproj", "{6FD33980-F54C-4C27-A72C-B9478B3D3923}"
EndProject
Project("{8BC9CEB8-8B4A-11D0-8D11-00A0C91BC942}") = "ConsoleApplication12", "ConsoleApplication12\ConsoleApplication12.vcxproj", "{0152DEB3-4FA2-445C-BC79-F0CE139F5040}"
EndProject
Project("{8BC9CEB8-8B4A-11D0-8D11-00A0C91BC942}") = "Order", "Order\Order.vcxproj", "{F9AB75CE-8D58-4090-B1ED-F9A51C9B864C}"
EndProject
Project("{8BC9CEB8-8B4A-11D0-8D11-00A0C91BC942}") = "ConsoleApplication15", "ConsoleApplication15\ConsoleApplication15.vcxproj", "{9405FF11-3BA5-4B9E-8063-CBA28B92CF41}"
EndProject
Project("{8BC9CEB8-8B4A-11D0-8D11-00A0C91BC942}") = "ConsoleApplication16", "ConsoleApplication16\ConsoleApplication16.vcxproj", "{44AF2A3C-8552-46E2-A29C-601B74437674}"
EndProject
Project("{8BC9CEB8-8B4A-11D0-8D11-00A0C91BC942}") = "ConsoleApplication17", "ConsoleApplication17\ConsoleApplication17.vcxproj", "{D876D87D-B00D-4637-8610-DBF1D811A480}"
EndProject
Project("{8BC9CEB8-8B4A-11D0-8D11-00A0C91BC942}") = "ConsoleApplication18", "ConsoleApplication18\ConsoleApplication18.vcxproj", "{73948FED-9426-4C11-82CD-8082A6AAA98B}"
EndProject
Project("{8BC9CEB8-8B4A-11D0-8D11-00A0C91BC942}") = "ConsoleApplication19", "ConsoleApplication19\ConsoleApplication19.vcxproj", "{AE1216CD-C87B-4918-A92D-CC807C5E32DC}"
EndProject
Project("{8BC9CEB8-8B4A-11D0-8D11-00A0C91BC942}") = "ConsoleApplication20", "ConsoleApplication20\ConsoleApplication20.vcxproj", "{4756ECD1-7BBA-4F40-A39C-AF2F46B884A2}"
EndProject
Project("{8BC9CEB8-8B4A-11D0-8D11-00A0C91BC942}") = "ConsoleApplication21", "ConsoleApplication21\ConsoleApplication21.vcxproj", "{3167EDFA-0FCE-413F-B4CA-791DA78EFE73}"
EndProject
Project("{8BC9CEB8-8B4A-11D0-8D11-00A0C91BC942}") = "ConsoleApplication22", "ConsoleApplication22\ConsoleApplication22.vcxproj", "{7A621CD4-2AD5-42C6-8B17-D61F8809F78B}"
EndProject
Project("{8BC9CEB8-8B4A-11D0-8D11-00A0C91BC942}") = "ConsoleApplication23", "ConsoleApplication23\ConsoleApplication23.vcxproj", "{254C588D-F3F6-4FD2-9EB5-E59D8FC8F53C}"
EndProject
Project("{8BC9CEB8-8B4A-11D0-8D11-00A0C91BC942}") = "ConsoleApplication24", "ConsoleApplication24\ConsoleApplication24.vcxproj", "{EC93A931-E31A-4430-9F4D-B6CB9B9EF956}"
EndProject
Project("{8BC9CEB8-8B4A-11D0-8D11-00A0C91BC942}") = "ConsoleApplication25", "ConsoleApplication25\ConsoleApplication25.vcxproj", "{3DCBA892-7561-46EF-AE22-A09128ABD173}"
EndProject
Project("{8BC9CEB8-8B4A-11D0-8D11-00A0C91BC942}") = "ConsoleApplication26", "ConsoleApplication26\ConsoleApplication26.vcxproj", "{281F4DC4-77F1-4879-85CF-EE741F5BA148}"
EndProject
Project("{8BC9CEB8-8B4A-11D0-8D11-00A0C91BC942}") = "ConsoleApplication28", "ConsoleApplication28\ConsoleApplication28.vcxproj", "{C22C5523-E945-4FDB-AFDF-1FFF26A8CED0}"
EndProject
Global
	GlobalSection(SolutionConfigurationPlatforms) = preSolution
		Debug|x64 = Debug|x64
		Debug|x86 = Debug|x86
		Release|x64 = Release|x64
		Release|x86 = Release|x86
	EndGlobalSection
	GlobalSection(ProjectConfigurationPlatforms) = postSolution
		{93774C2C-D18D-4594-8D9F-09142724FF0E}.Debug|x64.ActiveCfg = Debug|x64
		{93774C2C-D18D-4594-8D9F-09142724FF0E}.Debug|x64.Build.0 = Debug|x64
		{93774C2C-D18D-4594-8D9F-09142724FF0E}.Debug|x86.ActiveCfg = Debug|Win32
		{93774C2C-D18D-4594-8D9F-09142724FF0E}.Debug|x86.Build.0 = Debug|Win32
		{93774C2C-D18D-4594-8D9F-09142724FF0E}.Release|x64.ActiveCfg = Release|x64
		{93774C2C-D18D-4594-8D9F-09142724FF0E}.Release|x64.Build.0 = Release|x64
		{93774C2C-D18D-4594-8D9F-09142724FF0E}.Release|x86.ActiveCfg = Release|Win32
		{93774C2C-D18D-4594-8D9F-09142724FF0E}.Release|x86.Build.0 = Release|Win32
		{2734CF3C-6F28-42BA-8DBD-A03D789FF565}.Debug|x64.ActiveCfg = Debug|x64
		{2734CF3C-6F28-42BA-8DBD-A03D789FF565}.Debug|x64.Build.0 = Debug|x64
		{2734CF3C-6F28-42BA-8DBD-A03D789FF565}.Debug|x86.ActiveCfg = Debug|Win32
		{2734CF3C-6F28-42BA-8DBD-A03D789FF565}.Debug|x86.Build.0 = Debug|Win32
		{2734CF3C-6F28-42BA-8DBD-A03D789FF565}.Release|x64.ActiveCfg = Release|x64
		{2734CF3C-6F28-42BA-8DBD-A03D789FF565}.Release|x64.Build.0 = Release|x64
		{2734CF3C-6F28-42BA-8DBD-A03D789FF565}.Release|x86.ActiveCfg = Release|Win32
		{2734CF3C-6F28-42BA-8DBD-A03D789FF565}.Release|x86.Build.0 = Release|Win32
		{451DC1C8-6864-4B79-A62E-E0C7E6BD6C3E}.Debug|x64.ActiveCfg = Debug|x64
		{451DC1C8-6864-4B79-A62E-E0C7E6BD6C3E}.Debug|x64.Build.0 = Debug|x64
		{451DC1C8-6864-4B79-A62E-E0C7E6BD6C3E}.Debug|x86.ActiveCfg = Debug|Win32
		{451DC1C8-6864-4B79-A62E-E0C7E6BD6C3E}.Debug|x86.Build.0 = Debug|Win32
		{451DC1C8-6864-4B79-A62E-E0C7E6BD6C3E}.Release|x64.ActiveCfg = Release|x64
		{451DC1C8-6864-4B79-A62E-E0C7E6BD6C3E}.Release|x64.Build.0 = Release|x64
		{451DC1C8-6864-4B79-A62E-E0C7E6BD6C3E}.Release|x86.ActiveCfg = Release|Win32
		{451DC1C8-6864-4B79-A62E-E0C7E6BD6C3E}.Release|x86.Build.0 = Release|Win32
		{52A98359-D7C3-4323-ABCF-02CD7850BCDB}.Debug|x64.ActiveCfg = Debug|x64
		{52A98359-D7C3-4323-ABCF-02CD7850BCDB}.Debug|x64.Build.0 = Debug|x64
		{52A98359-D7C3-4323-ABCF-02CD7850BCDB}.Debug|x86.ActiveCfg = Debug|Win32
		{52A98359-D7C3-4323-ABCF-02CD7850BCDB}.Debug|x86.Build.0 = Debug|Win32
		{52A98359-D7C3-4323-ABCF-02CD7850BCDB}.Release|x64.ActiveCfg = Release|x64
		{52A98359-D7C3-4323-ABCF-02CD7850BCDB}.Release|x64.Build.0 = Release|x64
		{52A98359-D7C3-4323-ABCF-02CD7850BCDB}.Release|x86.ActiveCfg = Release|Win32
		{52A98359-D7C3-4323-ABCF-02CD7850BCDB}.Release|x86.Build.0 = Release|Win32
		{4871A600-E14E-4F40-9AC5-55D2024097C9}.Debug|x64.ActiveCfg = Debug|x64
		{4871A600-E14E-4F40-9AC5-55D2024097C9}.Debug|x64.Build.0 = Debug|x64
		{4871A600-E14E-4F40-9AC5-55D2024097C9}.Debug|x86.ActiveCfg = Debug|Win32
		{4871A600-E14E-4F40-9AC5-55D2024097C9}.Debug|x86.Build.0 = Debug|Win32
		{4871A600-E14E-4F40-9AC5-55D2024097C9}.Release|x64.ActiveCfg = Release|x64
		{4871A600-E14E-4F40-9AC5-55D2024097C9}.Release|x64.Build.0 = Release|x64
		{4871A600-E14E-4F40-9AC5-55D2024097C9}.Release|x86.ActiveCfg = Release|Win32
		{4871A600-E14E-4F40-9AC5-55D2024097C9}.Release|x86.Build.0 = Release|Win32
		{F1A48DE0-03F5-4534-9B0F-1E3D896ADB6C}.Debug|x64.ActiveCfg = Debug|x64
		{F1A48DE0-03F5-4534-9B0F-1E3D896ADB6C}.Debug|x64.Build.0 = Debug|x64
		{F1A48DE0-03F5-4534-9B0F-1E3D896ADB6C}.Debug|x86.ActiveCfg = Debug|Win32
		{F1A48DE0-03F5-4534-9B0F-1E3D896ADB6C}.Debug|x86.Build.0 = Debug|Win32
		{F1A48DE0-03F5-4534-9B0F-1E3D896ADB6C}.Release|x64.ActiveCfg = Release|x64
		{F1A48DE0-03F5-4534-9B0F-1E3D896ADB6C}.Release|x64.Build.0 = Release|x64
		{F1A48DE0-03F5-4534-9B0F-1E3D896ADB6C}.Release|x86.ActiveCfg = Release|Win32
		{F1A48DE0-03F5-4534-9B0F-1E3D896ADB6C}.Release|x86.Build.0 = Release|Win32
		{421E67AD-7E87-4B64-A1A1-3DC33DBF3D7C}.Debug|x64.ActiveCfg = Debug|x64
		{421E67AD-7E87-4B64-A1A1-3DC33DBF3D7C}.Debug|x64.Build.0 = Debug|x64
		{421E67AD-7E87-4B64-A1A1-3DC33DBF3D7C}.Debug|x86.ActiveCfg = Debug|Win32
		{421E67AD-7E87-4B64-A1A1-3DC33DBF3D7C}.Debug|x86.Build.0 = Debug|Win32
		{421E67AD-7E87-4B64-A1A1-3DC33DBF3D7C}.Release|x64.ActiveCfg = Release|x64
		{421E67AD-7E87-4B64-A1A1-3DC33DBF3D7C}.Release|x64.Build.0 = Release|x64
		{421E67AD-7E87-4B64-A1A1-3DC33DBF3D7C}.Release|x86.ActiveCfg = Release|Win32
		{421E67AD-7E87-4B64-A1A1-3DC33DBF3D7C}.Release|x86.Build.0 = Release|Win32
		{E040ADB7-6774-4E3A-AFC7-BAA31137A026}.Debug|x64.ActiveCfg = Debug|x64
		{E040ADB7-6774-4E3A-AFC7-BAA31137A026}.Debug|x64.Build.0 = Debug|x64
		{E040ADB7-6774-4E3A-AFC7-BAA31137A026}.Debug|x86.ActiveCfg = Debug|Win32
		{E040ADB7-6774-4E3A-AFC7-BAA31137A026}.Debug|x86.Build.0 = Debug|Win32
		{E040ADB7-6774-4E3A-AFC7-BAA31137A026}.Release|x64.ActiveCfg = Release|x64
		{E040ADB7-6774-4E3A-AFC7-BAA31137A026}.Release|x64.Build.0 = Release|x64
		{E040ADB7-6774-4E3A-AFC7-BAA31137A026}.Release|x86.ActiveCfg = Release|Win32
		{E040ADB7-6774-4E3A-AFC7-BAA31137A026}.Release|x86.Build.0 = Release|Win32
		{008EE075-FA2F-4A1C-87C8-670EB20D442E}.Debug|x64.ActiveCfg = Debug|x64
		{008EE075-FA2F-4A1C-87C8-670EB20D442E}.Debug|x64.Build.0 = Debug|x64
		{008EE075-FA2F-4A1C-87C8-670EB20D442E}.Debug|x86.ActiveCfg = Debug|Win32
		{008EE075-FA2F-4A1C-87C8-670EB20D442E}.Debug|x86.Build.0 = Debug|Win32
		{008EE075-FA2F-4A1C-87C8-670EB20D442E}.Release|x64.ActiveCfg = Release|x64
		{008EE075-FA2F-4A1C-87C8-670EB20D442E}.Release|x64.Build.0 = Release|x64
		{008EE075-FA2F-4A1C-87C8-670EB20D442E}.Release|x86.ActiveCfg = Release|Win32
		{008EE075-FA2F-4A1C-87C8-670EB20D442E}.Release|x86.Build.0 = Release|Win32
		{6FD33980-F54C-4C27-A72C-B9478B3D3923}.Debug|x64.ActiveCfg = Debug|x64
		{6FD33980-F54C-4C27-A72C-B9478B3D3923}.Debug|x64.Build.0 = Debug|x64
		{6FD33980-F54C-4C27-A72C-B9478B3D3923}.Debug|x86.ActiveCfg = Debug|Win32
		{6FD33980-F54C-4C27-A72C-B9478B3D3923}.Debug|x86.Build.0 = Debug|Win32
		{6FD33980-F54C-4C27-A72C-B9478B3D3923}.Release|x64.ActiveCfg = Release|x64
		{6FD33980-F54C-4C27-A72C-B9478B3D3923}.Release|x64.Build.0 = Release|x64
		{6FD33980-F54C-4C27-A72C-B9478B3D3923}.Release|x86.ActiveCfg = Release|Win32
		{6FD33980-F54C-4C27-A72C-B9478B3D3923}.Release|x86.Build.0 = Release|Win32
		{0152DEB3-4FA2-445C-BC79-F0CE139F5040}.Debug|x64.ActiveCfg = Debug|x64
		{0152DEB3-4FA2-445C-BC79-F0CE139F5040}.Debug|x64.Build.0 = Debug|x64
		{0152DEB3-4FA2-445C-BC79-F0CE139F5040}.Debug|x86.ActiveCfg = Debug|Win32
		{0152DEB3-4FA2-445C-BC79-F0CE139F5040}.Debug|x86.Build.0 = Debug|Win32
		{0152DEB3-4FA2-445C-BC79-F0CE139F5040}.Release|x64.ActiveCfg = Release|x64
		{0152DEB3-4FA2-445C-BC79-F0CE139F5040}.Release|x64.Build.0 = Release|x64
		{0152DEB3-4FA2-445C-BC79-F0CE139F5040}.Release|x86.ActiveCfg = Release|Win32
		{0152DEB3-4FA2-445C-BC79-F0CE139F5040}.Release|x86.Build.0 = Release|Win32
		{F9AB75CE-8D58-4090-B1ED-F9A51C9B864C}.Debug|x64.ActiveCfg = Debug|x64
		{F9AB75CE-8D58-4090-B1ED-F9A51C9B864C}.Debug|x64.Build.0 = Debug|x64
		{F9AB75CE-8D58-4090-B1ED-F9A51C9B864C}.Debug|x86.ActiveCfg = Debug|Win32
		{F9AB75CE-8D58-4090-B1ED-F9A51C9B864C}.Debug|x86.Build.0 = Debug|Win32
		{F9AB75CE-8D58-4090-B1ED-F9A51C9B864C}.Release|x64.ActiveCfg = Release|x64
		{F9AB75CE-8D58-4090-B1ED-F9A51C9B864C}.Release|x64.Build.0 = Release|x64
		{F9AB75CE-8D58-4090-B1ED-F9A51C9B864C}.Release|x86.ActiveCfg = Release|Win32
		{F9AB75CE-8D58-4090-B1ED-F9A51C9B864C}.Release|x86.Build.0 = Release|Win32
		{9405FF11-3BA5-4B9E-8063-CBA28B92CF41}.Debug|x64.ActiveCfg = Debug|x64
		{9405FF11-3BA5-4B9E-8063-CBA28B92CF41}.Debug|x64.Build.0 = Debug|x64
		{9405FF11-3BA5-4B9E-8063-CBA28B92CF41}.Debug|x86.ActiveCfg = Debug|Win32
		{9405FF11-3BA5-4B9E-8063-CBA28B92CF41}.Debug|x86.Build.0 = Debug|Win32
		{9405FF11-3BA5-4B9E-8063-CBA28B92CF41}.Release|x64.ActiveCfg = Release|x64
		{9405FF11-3BA5-4B9E-8063-CBA28B92CF41}.Release|x64.Build.0 = Release|x64
		{9405FF11-3BA5-4B9E-8063-CBA28B92CF41}.Release|x86.ActiveCfg = Release|Win32
		{9405FF11-3BA5-4B9E-8063-CBA28B92CF41}.Release|x86.Build.0 = Release|Win32
		{44AF2A3C-8552-46E2-A29C-601B74437674}.Debug|x64.ActiveCfg = Debug|x64
		{44AF2A3C-8552-46E2-A29C-601B74437674}.Debug|x64.Build.0 = Debug|x64
		{44AF2A3C-8552-46E2-A29C-601B74437674}.Debug|x86.ActiveCfg = Debug|Win32
		{44AF2A3C-8552-46E2-A29C-601B74437674}.Debug|x86.Build.0 = Debug|Win32
		{44AF2A3C-8552-46E2-A29C-601B74437674}.Release|x64.ActiveCfg = Release|x64
		{44AF2A3C-8552-46E2-A29C-601B74437674}.Release|x64.Build.0 = Release|x64
		{44AF2A3C-8552-46E2-A29C-601B74437674}.Release|x86.ActiveCfg = Release|Win32
		{44AF2A3C-8552-46E2-A29C-601B74437674}.Release|x86.Build.0 = Release|Win32
		{D876D87D-B00D-4637-8610-DBF1D811A480}.Debug|x64.ActiveCfg = Debug|x64
		{D876D87D-B00D-4637-8610-DBF1D811A480}.Debug|x64.Build.0 = Debug|x64
		{D876D87D-B00D-4637-8610-DBF1D811A480}.Debug|x86.ActiveCfg = Debug|Win32
		{D876D87D-B00D-4637-8610-DBF1D811A480}.Debug|x86.Build.0 = Debug|Win32
		{D876D87D-B00D-4637-8610-DBF1D811A480}.Release|x64.ActiveCfg = Release|x64
		{D876D87D-B00D-4637-8610-DBF1D811A480}.Release|x64.Build.0 = Release|x64
		{D876D87D-B00D-4637-8610-DBF1D811A480}.Release|x86.ActiveCfg = Release|Win32
		{D876D87D-B00D-4637-8610-DBF1D811A480}.Release|x86.Build.0 = Release|Win32
		{73948FED-9426-4C11-82CD-8082A6AAA98B}.Debug|x64.ActiveCfg = Debug|x64
		{73948FED-9426-4C11-82CD-8082A6AAA98B}.Debug|x64.Build.0 = Debug|x64
		{73948FED-9426-4C11-82CD-8082A6AAA98B}.Debug|x86.ActiveCfg = Debug|Win32
		{73948FED-9426-4C11-82CD-8082A6AAA98B}.Debug|x86.Build.0 = Debug|Win32
		{73948FED-9426-4C11-82CD-8082A6AAA98B}.Release|x64.ActiveCfg = Release|x64
		{73948FED-9426-4C11-82CD-8082A6AAA98B}.Release|x64.Build.0 = Release|x64
		{73948FED-9426-4C11-82CD-8082A6AAA98B}.Release|x86.ActiveCfg = Release|Win32
		{73948FED-9426-4C11-82CD-8082A6AAA98B}.Release|x86.Build.0 = Release|Win32
		{AE1216CD-C87B-4918-A92D-CC807C5E32DC}.Debug|x64.ActiveCfg = Debug|x64
		{AE1216CD-C87B-4918-A92D-CC807C5E32DC}.Debug|x64.Build.0 = Debug|x64
		{AE1216CD-C87B-4918-A92D-CC807C5E32DC}.Debug|x86.ActiveCfg = Debug|Win32
		{AE1216CD-C87B-4918-A92D-CC807C5E32DC}.Debug|x86.Build.0 = Debug|Win32
		{AE1216CD-C87B-4918-A92D-CC807C5E32DC}.Release|x64.ActiveCfg = Release|x64
		{AE1216CD-C87B-4918-A92D-CC807C5E32DC}.Release|x64.Build.0 = Release|x64
		{AE1216CD-C87B-4918-A92D-CC807C5E32DC}.Release|x86.ActiveCfg = Release|Win32
		{AE1216CD-C87B-4918-A92D-CC807C5E32DC}.Release|x86.Build.0 = Release|Win32
		{4756ECD1-7BBA-4F40-A39C-AF2F46B884A2}.Debug|x64.ActiveCfg = Debug|x64
		{4756ECD1-7BBA-4F40-A39C-AF2F46B884A2}.Debug|x64.Build.0 = Debug|x64
		{4756ECD1-7BBA-4F40-A39C-AF2F46B884A2}.Debug|x86.ActiveCfg = Debug|Win32
		{4756ECD1-7BBA-4F40-A39C-AF2F46B884A2}.Debug|x86.Build.0 = Debug|Win32
		{4756ECD1-7BBA-4F40-A39C-AF2F46B884A2}.Release|x64.ActiveCfg = Release|x64
		{4756ECD1-7BBA-4F40-A39C-AF2F46B884A2}.Release|x64.Build.0 = Release|x64
		{4756ECD1-7BBA-4F40-A39C-AF2F46B884A2}.Release|x86.ActiveCfg = Release|Win32
		{4756ECD1-7BBA-4F40-A39C-AF2F46B884A2}.Release|x86.Build.0 = Release|Win32
		{3167EDFA-0FCE-413F-B4CA-791DA78EFE73}.Debug|x64.ActiveCfg = Debug|x64
		{3167EDFA-0FCE-413F-B4CA-791DA78EFE73}.Debug|x64.Build.0 = Debug|x64
		{3167EDFA-0FCE-413F-B4CA-791DA78EFE73}.Debug|x86.ActiveCfg = Debug|Win32
		{3167EDFA-0FCE-413F-B4CA-791DA78EFE73}.Debug|x86.Build.0 = Debug|Win32
		{3167EDFA-0FCE-413F-B4CA-791DA78EFE73}.Release|x64.ActiveCfg = Release|x64
		{3167EDFA-0FCE-413F-B4CA-791DA78EFE73}.Release|x64.Build.0 = Release|x64
		{3167EDFA-0FCE-413F-B4CA-791DA78EFE73}.Release|x86.ActiveCfg = Release|Win32
		{3167EDFA-0FCE-413F-B4CA-791DA78EFE73}.Release|x86.Build.0 = Release|Win32
		{7A621CD4-2AD5-42C6-8B17-D61F8809F78B}.Debug|x64.ActiveCfg = Debug|x64
		{7A621CD4-2AD5-42C6-8B17-D61F8809F78B}.Debug|x64.Build.0 = Debug|x64
		{7A621CD4-2AD5-42C6-8B17-D61F8809F78B}.Debug|x86.ActiveCfg = Debug|Win32
		{7A621CD4-2AD5-42C6-8B17-D61F8809F78B}.Debug|x86.Build.0 = Debug|Win32
		{7A621CD4-2AD5-42C6-8B17-D61F8809F78B}.Release|x64.ActiveCfg = Release|x64
		{7A621CD4-2AD5-42C6-8B17-D61F8809F78B}.Release|x64.Build.0 = Release|x64
		{7A621CD4-2AD5-42C6-8B17-D61F8809F78B}.Release|x86.ActiveCfg = Release|Win32
		{7A621CD4-2AD5-42C6-8B17-D61F8809F78B}.Release|x86.Build.0 = Release|Win32
		{254C588D-F3F6-4FD2-9EB5-E59D8FC8F53C}.Debug|x64.ActiveCfg = Debug|x64
		{254C588D-F3F6-4FD2-9EB5-E59D8FC8F53C}.Debug|x64.Build.0 = Debug|x64
		{254C588D-F3F6-4FD2-9EB5-E59D8FC8F53C}.Debug|x86.ActiveCfg = Debug|Win32
		{254C588D-F3F6-4FD2-9EB5-E59D8FC8F53C}.Debug|x86.Build.0 = Debug|Win32
		{254C588D-F3F6-4FD2-9EB5-E59D8FC8F53C}.Release|x64.ActiveCfg = Release|x64
		{254C588D-F3F6-4FD2-9EB5-E59D8FC8F53C}.Release|x64.Build.0 = Release|x64
		{254C588D-F3F6-4FD2-9EB5-E59D8FC8F53C}.Release|x86.ActiveCfg = Release|Win32
		{254C588D-F3F6-4FD2-9EB5-E59D8FC8F53C}.Release|x86.Build.0 = Release|Win32
		{EC93A931-E31A-4430-9F4D-B6CB9B9EF956}.Debug|x64.ActiveCfg = Debug|x64
		{EC93A931-E31A-4430-9F4D-B6CB9B9EF956}.Debug|x64.Build.0 = Debug|x64
		{EC93A931-E31A-4430-9F4D-B6CB9B9EF956}.Debug|x86.ActiveCfg = Debug|Win32
		{EC93A931-E31A-4430-9F4D-B6CB9B9EF956}.Debug|x86.Build.0 = Debug|Win32
		{EC93A931-E31A-4430-9F4D-B6CB9B9EF956}.Release|x64.ActiveCfg = Release|x64
		{EC93A931-E31A-4430-9F4D-B6CB9B9EF956}.Release|x64.Build.0 = Release|x64
		{EC93A931-E31A-4430-9F4D-B6CB9B9EF956}.Release|x86.ActiveCfg = Release|Win32
		{EC93A931-E31A-4430-9F4D-B6CB9B9EF956}.Release|x86.Build.0 = Release|Win32
		{3DCBA892-7561-46EF-AE22-A09128ABD173}.Debug|x64.ActiveCfg = Debug|x64
		{3DCBA892-7561-46EF-AE22-A09128ABD173}.Debug|x64.Build.0 = Debug|x64
		{3DCBA892-7561-46EF-AE22-A09128ABD173}.Debug|x86.ActiveCfg = Debug|Win32
		{3DCBA892-7561-46EF-AE22-A09128ABD173}.Debug|x86.Build.0 = Debug|Win32
		{3DCBA892-7561-46EF-AE22-A09128ABD173}.Release|x64.ActiveCfg = Release|x64
		{3DCBA892-7561-46EF-AE22-A09128ABD173}.Release|x64.Build.0 = Release|x64
		{3DCBA892-7561-46EF-AE22-A09128ABD173}.Release|x86.ActiveCfg = Release|Win32
		{3DCBA892-7561-46EF-AE22-A09128ABD173}.Release|x86.Build.0 = Release|Win32
		{281F4DC4-77F1-4879-85CF-EE741F5BA148}.Debug|x64.ActiveCfg = Debug|x64
		{281F4DC4-77F1-4879-85CF-EE741F5BA148}.Debug|x64.Build.0 = Debug|x64
		{281F4DC4-77F1-4879-85CF-EE741F5BA148}.Debug|x86.ActiveCfg = Debug|Win32
		{281F4DC4-77F1-4879-85CF-EE741F5BA148}.Debug|x86.Build.0 = Debug|Win32
		{281F4DC4-77F1-4879-85CF-EE741F5BA148}.Release|x64.ActiveCfg = Release|x64
		{281F4DC4-77F1-4879-85CF-EE741F5BA148}.Release|x64.Build.0 = Release|x64
		{281F4DC4-77F1-4879-85CF-EE741F5BA148}.Release|x86.ActiveCfg = Release|Win32
		{281F4DC4-77F1-4879-85CF-EE741F5BA148}.Release|x86.Build.0 = Release|Win32
		{C22C5523-E945-4FDB-AFDF-1FFF26A8CED0}.Debug|x64.ActiveCfg = Debug|x64
		{C22C5523-E945-4FDB-AFDF-1FFF26A8CED0}.Debug|x64.Build.0 = Debug|x64
		{C22C5523-E945-4FDB-AFDF-1FFF26A8CED0}.Debug|x86.ActiveCfg = Debug|Win32
		{C22C5523-E945-4FDB-AFDF-1FFF26A8CED0}.Debug|x86.Build.0 = Debug|Win32
		{C22C5523-E945-4FDB-AFDF-1FFF26A8CED0}.Release|x64.ActiveCfg = Release|x64
		{C22C5523-E945-4FDB-AFDF-1FFF26A8CED0}.Release|x64.Build.0 = Release|x64
		{C22C5523-E945-4FDB-AFDF-1FFF26A8CED0}.Release|x86.ActiveCfg = Release|Win32
		{C22C5523-E945-4FDB-AFDF-1FFF26A8CED0}.Release|x86.Build.0 = Release|Win32
	EndGlobalSection
	GlobalSection(SolutionProperties) = preSolution
		HideSolutionNode = FALSE
	EndGlobalSection
	GlobalSection(ExtensibilityGlobals) = postSolution
		SolutionGuid = {CA835305-E956-4130-8564-530F72713BE9}
	EndGlobalSection
EndGlobal
